
Microsoft Visual Studio Solution File, Format Version 12.00
# Visual Studio Version 17
VisualStudioVersion = 17.0.32014.148
MinimumVisualStudioVersion = 10.0.40219.1
Project("{9A19103F-16F7-4668-BE54-9A1E7A4F7556}") = "DocumentLabel.Domain", "DocumentLabel.Domain\DocumentLabel.Domain.csproj", "{880F5307-4704-4971-9508-E1E229CA801C}"
EndProject
Project("{9A19103F-16F7-4668-BE54-9A1E7A4F7556}") = "DocumentLabel.Infrastructure", "DocumentLabel.Infrastructure\DocumentLabel.Infrastructure.csproj", "{667D5C72-D7C3-42E7-87DE-E1EA1080C831}"
EndProject
Project("{9A19103F-16F7-4668-BE54-9A1E7A4F7556}") = "DocumentLabel.API", "DocumentLabel.API\DocumentLabel.API.csproj", "{431CD592-D10F-4F6D-9F56-70940B7128D4}"
EndProject
Project("{FAE04EC0-301F-11D3-BF4B-00C04F79EFBC}") = "DocumentLabel.Domain.Tests", "DocumentLabel.Domain.Tests\DocumentLabel.Domain.Tests.csproj", "{789965CD-2AFC-43E3-B200-1104A72A2472}"
EndProject
Global
	GlobalSection(SolutionConfigurationPlatforms) = preSolution
		Debug|Any CPU = Debug|Any CPU
		Release|Any CPU = Release|Any CPU
	EndGlobalSection
	GlobalSection(ProjectConfigurationPlatforms) = postSolution
		{880F5307-4704-4971-9508-E1E229CA801C}.Debug|Any CPU.ActiveCfg = Debug|Any CPU
		{880F5307-4704-4971-9508-E1E229CA801C}.Debug|Any CPU.Build.0 = Debug|Any CPU
		{880F5307-4704-4971-9508-E1E229CA801C}.Release|Any CPU.ActiveCfg = Release|Any CPU
		{880F5307-4704-4971-9508-E1E229CA801C}.Release|Any CPU.Build.0 = Release|Any CPU
		{667D5C72-D7C3-42E7-87DE-E1EA1080C831}.Debug|Any CPU.ActiveCfg = Debug|Any CPU
		{667D5C72-D7C3-42E7-87DE-E1EA1080C831}.Debug|Any CPU.Build.0 = Debug|Any CPU
		{667D5C72-D7C3-42E7-87DE-E1EA1080C831}.Release|Any CPU.ActiveCfg = Release|Any CPU
		{667D5C72-D7C3-42E7-87DE-E1EA1080C831}.Release|Any CPU.Build.0 = Release|Any CPU
		{431CD592-D10F-4F6D-9F56-70940B7128D4}.Debug|Any CPU.ActiveCfg = Debug|Any CPU
		{431CD592-D10F-4F6D-9F56-70940B7128D4}.Debug|Any CPU.Build.0 = Debug|Any CPU
		{431CD592-D10F-4F6D-9F56-70940B7128D4}.Release|Any CPU.ActiveCfg = Release|Any CPU
		{431CD592-D10F-4F6D-9F56-70940B7128D4}.Release|Any CPU.Build.0 = Release|Any CPU
		{789965CD-2AFC-43E3-B200-1104A72A2472}.Debug|Any CPU.ActiveCfg = Debug|Any CPU
		{789965CD-2AFC-43E3-B200-1104A72A2472}.Debug|Any CPU.Build.0 = Debug|Any CPU
		{789965CD-2AFC-43E3-B200-1104A72A2472}.Release|Any CPU.ActiveCfg = Release|Any CPU
		{789965CD-2AFC-43E3-B200-1104A72A2472}.Release|Any CPU.Build.0 = Release|Any CPU
	EndGlobalSection
	GlobalSection(SolutionProperties) = preSolution
		HideSolutionNode = FALSE
	EndGlobalSection
	GlobalSection(ExtensibilityGlobals) = postSolution
		SolutionGuid = {1EBC2F05-1C2B-41A0-9F3A-B261B2401811}
	EndGlobalSection
EndGlobal
